
Microsoft Visual Studio Solution File, Format Version 12.00
# Visual Studio Version 16
VisualStudioVersion = 16.0.30204.135
MinimumVisualStudioVersion = 10.0.40219.1
Project("{FAE04EC0-301F-11D3-BF4B-00C04F79EFBC}") = "Web.Api", "Web.Api\Web.Api.csproj", "{82F6E2D9-1B3C-4825-9F65-024AF43295E1}"
EndProject
Project("{2150E333-8FDC-42A3-9474-1A3956D46DE8}") = "Solution item", "Solution item", "{8F043EFE-DF72-4C94-A63A-7A420D587647}"
	ProjectSection(SolutionItems) = preProject
		README.md = README.md
	EndProjectSection
EndProject
Global
	GlobalSection(SolutionConfigurationPlatforms) = preSolution
		Debug|Any CPU = Debug|Any CPU
		Release|Any CPU = Release|Any CPU
	EndGlobalSection
	GlobalSection(ProjectConfigurationPlatforms) = postSolution
		{82F6E2D9-1B3C-4825-9F65-024AF43295E1}.Debug|Any CPU.ActiveCfg = Debug|Any CPU
		{82F6E2D9-1B3C-4825-9F65-024AF43295E1}.Debug|Any CPU.Build.0 = Debug|Any CPU
		{82F6E2D9-1B3C-4825-9F65-024AF43295E1}.Release|Any CPU.ActiveCfg = Release|Any CPU
		{82F6E2D9-1B3C-4825-9F65-024AF43295E1}.Release|Any CPU.Build.0 = Release|Any CPU
	EndGlobalSection
	GlobalSection(SolutionProperties) = preSolution
		HideSolutionNode = FALSE
	EndGlobalSection
	GlobalSection(ExtensibilityGlobals) = postSolution
		SolutionGuid = {255DBE4E-795E-44E0-8364-68A3C9BB5C2D}
	EndGlobalSection
EndGlobal
